
Microsoft Visual Studio Solution File, Format Version 12.00
# Visual Studio Version 16
VisualStudioVersion = 16.0.32602.291
MinimumVisualStudioVersion = 10.0.40219.1
Project("{FAE04EC0-301F-11D3-BF4B-00C04F79EFBC}") = "FireDetect", "FireDetect\FireDetect.csproj", "{73EA2269-25C0-477A-B591-506BC6EE1702}"
EndProject
Project("{FAE04EC0-301F-11D3-BF4B-00C04F79EFBC}") = "Mqtt.Models", "..\serverMqtt\Mqtt.Models\Mqtt.Models.csproj", "{CC0F392C-D609-42B0-AF5C-7AEB821FE827}"
EndProject
Project("{FAE04EC0-301F-11D3-BF4B-00C04F79EFBC}") = "Models", "Models\Models.csproj", "{3ABB77A9-CB28-44D7-B2ED-786BAB22A1EF}"
EndProject
Global
	GlobalSection(SolutionConfigurationPlatforms) = preSolution
		Debug|Any CPU = Debug|Any CPU
		Release|Any CPU = Release|Any CPU
	EndGlobalSection
	GlobalSection(ProjectConfigurationPlatforms) = postSolution
		{73EA2269-25C0-477A-B591-506BC6EE1702}.Debug|Any CPU.ActiveCfg = Debug|Any CPU
		{73EA2269-25C0-477A-B591-506BC6EE1702}.Debug|Any CPU.Build.0 = Debug|Any CPU
		{73EA2269-25C0-477A-B591-506BC6EE1702}.Release|Any CPU.ActiveCfg = Release|Any CPU
		{73EA2269-25C0-477A-B591-506BC6EE1702}.Release|Any CPU.Build.0 = Release|Any CPU
		{CC0F392C-D609-42B0-AF5C-7AEB821FE827}.Debug|Any CPU.ActiveCfg = Debug|Any CPU
		{CC0F392C-D609-42B0-AF5C-7AEB821FE827}.Debug|Any CPU.Build.0 = Debug|Any CPU
		{CC0F392C-D609-42B0-AF5C-7AEB821FE827}.Release|Any CPU.ActiveCfg = Release|Any CPU
		{CC0F392C-D609-42B0-AF5C-7AEB821FE827}.Release|Any CPU.Build.0 = Release|Any CPU
		{3ABB77A9-CB28-44D7-B2ED-786BAB22A1EF}.Debug|Any CPU.ActiveCfg = Debug|Any CPU
		{3ABB77A9-CB28-44D7-B2ED-786BAB22A1EF}.Debug|Any CPU.Build.0 = Debug|Any CPU
		{3ABB77A9-CB28-44D7-B2ED-786BAB22A1EF}.Release|Any CPU.ActiveCfg = Release|Any CPU
		{3ABB77A9-CB28-44D7-B2ED-786BAB22A1EF}.Release|Any CPU.Build.0 = Release|Any CPU
	EndGlobalSection
	GlobalSection(SolutionProperties) = preSolution
		HideSolutionNode = FALSE
	EndGlobalSection
	GlobalSection(ExtensibilityGlobals) = postSolution
		SolutionGuid = {63231E08-A744-4380-9914-93803F4A3CE1}
	EndGlobalSection
EndGlobal
